{
  "name": "@cpbs/age",
  "version": "0.0.1",
  "lockfileVersion": 1,
  "requires": true,
  "dependencies": {
    "@fyn-software/component": {
      "version": "0.0.2",
      "resolved": "https://registry.npmjs.org/@fyn-software/component/-/component-0.0.2.tgz",
      "integrity": "sha512-UCKcJb6lOUcKgjj5GuOw5AGElJGUxYUjqcY/MEBYzpJTg5QkaVfUz5wQ+M5DBHe+kNPmvrju0M4xzz4SoBTZgQ=="
    },
    "@fyn-software/suite": {
      "version": "0.0.5",
      "resolved": "https://registry.npmjs.org/@fyn-software/suite/-/suite-0.0.5.tgz",
      "integrity": "sha512-ezOtOVHwbEKd4rAwo5CVJJfTsZst2obVU2jYHXqLP5s2H7zcCM5rmhJG6a6eEkylaRCh76ggWBH7GxlGhkPILg==",
      "requires": {
        "@fyn-software/component": "^0.0.3"
      },
      "dependencies": {
        "@fyn-software/component": {
          "version": "0.0.3",
          "resolved": "https://registry.npmjs.org/@fyn-software/component/-/component-0.0.3.tgz",
          "integrity": "sha512-/dsYAIwNoMZ1plsmEuZOgwoFGITw0Bw133K1/9+IOBiNwM4pfHBxZS249bnDsY0LpCdNDkvN+DptRGXIV4FAmw=="
        }
      }
    }
  }
}
