{
  "name": "@cpbs/age",
  "version": "0.0.1",
  "lockfileVersion": 1,
  "requires": true,
  "dependencies": {
    "@fyn-software/component": {
      "version": "0.0.2",
      "resolved": "https://registry.npmjs.org/@fyn-software/component/-/component-0.0.2.tgz",
      "integrity": "sha512-UCKcJb6lOUcKgjj5GuOw5AGElJGUxYUjqcY/MEBYzpJTg5QkaVfUz5wQ+M5DBHe+kNPmvrju0M4xzz4SoBTZgQ=="
    },
    "@fyn-software/core": {
      "version": "0.0.1",
      "resolved": "https://registry.npmjs.org/@fyn-software/core/-/core-0.0.1.tgz",
      "integrity": "sha512-FQgarhvPb1ItT9Qm5VEbLG1966AMNfGWBLQenKCj28XbRPHAmEy293JaY4YOIdLCo6fX8jySM6xWP/qdjGmNtA=="
    },
    "@fyn-software/data": {
      "version": "0.1.0",
      "resolved": "https://registry.npmjs.org/@fyn-software/data/-/data-0.1.0.tgz",
      "integrity": "sha512-5elOwrTf/okM4SzOyNuzb9iBjJdp6m8ZcS7R913C7Or5wE4li5mAUrU6SWRTEEwI+J8uUM/JogGq0z0fPBEI6w=="
    },
    "@fyn-software/suite": {
      "version": "0.0.6",
      "resolved": "https://registry.npmjs.org/@fyn-software/suite/-/suite-0.0.6.tgz",
      "integrity": "sha512-MWgqaPjBMwKl12sf/samau4p1nYOM4EdBiZFmcz1x229Y47asLVM484EczH0cVoTyDsjtm/m08TTl1dUK3+lBw==",
      "requires": {
        "@fyn-software/component": "0.0.3"
      },
      "dependencies": {
        "@fyn-software/component": {
          "version": "0.0.3",
          "resolved": "https://registry.npmjs.org/@fyn-software/component/-/component-0.0.3.tgz",
          "integrity": "sha512-/dsYAIwNoMZ1plsmEuZOgwoFGITw0Bw133K1/9+IOBiNwM4pfHBxZS249bnDsY0LpCdNDkvN+DptRGXIV4FAmw=="
        }
      }
    }
  }
}
