{
  "name": "@cpbs/age",
  "version": "0.0.1",
  "lockfileVersion": 1,
  "requires": true,
  "dependencies": {
    "@fyn-software/component": {
      "version": "0.1.0",
      "resolved": "https://registry.npmjs.org/@fyn-software/component/-/component-0.1.0.tgz",
      "integrity": "sha512-LYTgQsRXgZGtEgZC2IetZmLM/kUMPzvvh6X7fma4WKrxRMx7LFSc5k1OHRy53tR3e4HFlZzYoB6CSVoSXXLqgA=="
    },
    "@fyn-software/core": {
      "version": "0.0.1",
      "resolved": "https://registry.npmjs.org/@fyn-software/core/-/core-0.0.1.tgz",
      "integrity": "sha512-FQgarhvPb1ItT9Qm5VEbLG1966AMNfGWBLQenKCj28XbRPHAmEy293JaY4YOIdLCo6fX8jySM6xWP/qdjGmNtA=="
    },
    "@fyn-software/data": {
      "version": "0.1.0",
      "resolved": "https://registry.npmjs.org/@fyn-software/data/-/data-0.1.0.tgz",
      "integrity": "sha512-5elOwrTf/okM4SzOyNuzb9iBjJdp6m8ZcS7R913C7Or5wE4li5mAUrU6SWRTEEwI+J8uUM/JogGq0z0fPBEI6w=="
    },
    "@fyn-software/suite": {
      "version": "0.1.0",
      "resolved": "https://registry.npmjs.org/@fyn-software/suite/-/suite-0.1.0.tgz",
      "integrity": "sha512-D+l6zVydJCCvdCnC+kzagFaBYWc/iQJ+p7LUg3kFrW/fmb0XfL8j+SZFSpSjmezLvizfV9bIo1EbpfUlxyarXQ==",
      "requires": {
        "@fyn-software/component": "^0.0.3"
      },
      "dependencies": {
        "@fyn-software/component": {
          "version": "0.0.3",
          "resolved": "https://registry.npmjs.org/@fyn-software/component/-/component-0.0.3.tgz",
          "integrity": "sha512-/dsYAIwNoMZ1plsmEuZOgwoFGITw0Bw133K1/9+IOBiNwM4pfHBxZS249bnDsY0LpCdNDkvN+DptRGXIV4FAmw=="
        }
      }
    }
  }
}
